github.com/mdlayher/arp v0.0.0-20181025151936-a1263dc4682b h1:BNv41D+PtrpTE4GosnbknmGxzVCVWKgMgO7lt/ABwOE=
github.com/mdlayher/arp v0.0.0-20181025151936-a1263dc4682b/go.mod h1:TbmED7Z4FAdA+NfHf4HKNcEYwtYYp/L1mdXi4PN4cIc=
github.com/mdlayher/ethernet v0.0.0-20181025151932-d5c0834fe478 h1:bEAtbhf6nyR5xgIMnIKetszzEDQtU+tdo1tuQrQpW3E=
github.com/mdlayher/ethernet v0.0.0-20181025151932-d5c0834fe478/go.mod h1:/Q2hs4vCpD4WukymNvY0paizjh6zBK1rdb6ZHM2LDQY=
github.com/mdlayher/raw v0.0.0-20181016155347-fa5ef3332ca9 h1:tOtO8DXiNGj9NshRKHWiZuGlSldPFzFCFYhNtsKTBCs=
github.com/mdlayher/raw v0.0.0-20181016155347-fa5ef3332ca9/go.mod h1:rC/yE65s/DoHB6BzVOUBNYBGTg772JVytyAytffIZkY=
golang.org/x/net v0.0.0-20181220203305-927f97764cc3 h1:eH6Eip3UpmR+yM/qI9Ijluzb1bNv/cAU/n+6l8tRSis=
golang.org/x/net v0.0.0-20181220203305-927f97764cc3/go.mod h1:mL1N/T3taQHkDXs73rZJwtUhF3w3ftmwwsq0BUmARs4=
